{
  "requires": true,
  "lockfileVersion": 1,
  "dependencies": {
    "pubnub-js-webrtc": {
      "version": "0.0.2",
      "resolved": "https://registry.npmjs.org/pubnub-js-webrtc/-/pubnub-js-webrtc-0.0.2.tgz",
      "integrity": "sha512-otHqC+dl/rzCEOzugGwSbMkuMStRCpU9lyGBoxLO6DZj+CCD58c5BL0Z/oWLLRB8vkdKv2U4Ujk1N6N/hrYSog=="
    }
  }
}
